
Microsoft Visual Studio Solution File, Format Version 12.00
# Visual Studio Version 17
VisualStudioVersion = 17.8.34330.188
MinimumVisualStudioVersion = 10.0.40219.1
Project("{FAE04EC0-301F-11D3-BF4B-00C04F79EFBC}") = "GoodReads.API", "GoodReads.API\GoodReads.API.csproj", "{F32D5433-6AF7-41F7-B537-CCF4742A5D6B}"
EndProject
Project("{FAE04EC0-301F-11D3-BF4B-00C04F79EFBC}") = "GoodReads.Application", "GoodReads.Application\GoodReads.Application.csproj", "{62A55F20-D3B3-4700-8F79-11F0B6EE9032}"
EndProject
Project("{FAE04EC0-301F-11D3-BF4B-00C04F79EFBC}") = "GoodReads.Domain", "GoodReads.Domain\GoodReads.Domain.csproj", "{B64C4CB9-BD11-4F21-960B-DCC859B7567A}"
EndProject
Project("{FAE04EC0-301F-11D3-BF4B-00C04F79EFBC}") = "GoodReads.Infrastructure", "GoodReads.Infrastructure\GoodReads.Infrastructure.csproj", "{8BE3FFEF-021D-402C-A652-26675CB4FFD1}"
EndProject
Project("{FAE04EC0-301F-11D3-BF4B-00C04F79EFBC}") = "GoodReads.Tests", "GoodReads.Tests\GoodReads.Tests.csproj", "{01EA6974-26D1-40C2-A967-296D1AFE08BC}"
EndProject
Global
	GlobalSection(SolutionConfigurationPlatforms) = preSolution
		Debug|Any CPU = Debug|Any CPU
		Release|Any CPU = Release|Any CPU
	EndGlobalSection
	GlobalSection(ProjectConfigurationPlatforms) = postSolution
		{F32D5433-6AF7-41F7-B537-CCF4742A5D6B}.Debug|Any CPU.ActiveCfg = Debug|Any CPU
		{F32D5433-6AF7-41F7-B537-CCF4742A5D6B}.Debug|Any CPU.Build.0 = Debug|Any CPU
		{F32D5433-6AF7-41F7-B537-CCF4742A5D6B}.Release|Any CPU.ActiveCfg = Release|Any CPU
		{F32D5433-6AF7-41F7-B537-CCF4742A5D6B}.Release|Any CPU.Build.0 = Release|Any CPU
		{62A55F20-D3B3-4700-8F79-11F0B6EE9032}.Debug|Any CPU.ActiveCfg = Debug|Any CPU
		{62A55F20-D3B3-4700-8F79-11F0B6EE9032}.Debug|Any CPU.Build.0 = Debug|Any CPU
		{62A55F20-D3B3-4700-8F79-11F0B6EE9032}.Release|Any CPU.ActiveCfg = Release|Any CPU
		{62A55F20-D3B3-4700-8F79-11F0B6EE9032}.Release|Any CPU.Build.0 = Release|Any CPU
		{B64C4CB9-BD11-4F21-960B-DCC859B7567A}.Debug|Any CPU.ActiveCfg = Debug|Any CPU
		{B64C4CB9-BD11-4F21-960B-DCC859B7567A}.Debug|Any CPU.Build.0 = Debug|Any CPU
		{B64C4CB9-BD11-4F21-960B-DCC859B7567A}.Release|Any CPU.ActiveCfg = Release|Any CPU
		{B64C4CB9-BD11-4F21-960B-DCC859B7567A}.Release|Any CPU.Build.0 = Release|Any CPU
		{8BE3FFEF-021D-402C-A652-26675CB4FFD1}.Debug|Any CPU.ActiveCfg = Debug|Any CPU
		{8BE3FFEF-021D-402C-A652-26675CB4FFD1}.Debug|Any CPU.Build.0 = Debug|Any CPU
		{8BE3FFEF-021D-402C-A652-26675CB4FFD1}.Release|Any CPU.ActiveCfg = Release|Any CPU
		{8BE3FFEF-021D-402C-A652-26675CB4FFD1}.Release|Any CPU.Build.0 = Release|Any CPU
		{01EA6974-26D1-40C2-A967-296D1AFE08BC}.Debug|Any CPU.ActiveCfg = Debug|Any CPU
		{01EA6974-26D1-40C2-A967-296D1AFE08BC}.Debug|Any CPU.Build.0 = Debug|Any CPU
		{01EA6974-26D1-40C2-A967-296D1AFE08BC}.Release|Any CPU.ActiveCfg = Release|Any CPU
		{01EA6974-26D1-40C2-A967-296D1AFE08BC}.Release|Any CPU.Build.0 = Release|Any CPU
	EndGlobalSection
	GlobalSection(SolutionProperties) = preSolution
		HideSolutionNode = FALSE
	EndGlobalSection
	GlobalSection(ExtensibilityGlobals) = postSolution
		SolutionGuid = {09DA5FBA-C992-49F3-B8B5-09ED93749D8F}
	EndGlobalSection
EndGlobal
